
Microsoft Visual Studio Solution File, Format Version 12.00
# Visual Studio 14
VisualStudioVersion = 14.0.25420.1
MinimumVisualStudioVersion = 10.0.40219.1
Project("{FAE04EC0-301F-11D3-BF4B-00C04F79EFBC}") = "Test.IDAL", "Test.IDAL\Test.IDAL.csproj", "{A6E02C0F-F021-4AB1-86A7-9283B977C9E0}"
EndProject
Project("{FAE04EC0-301F-11D3-BF4B-00C04F79EFBC}") = "Test.DAL", "Test.DAL\Test.DAL.csproj", "{E35A8819-9622-469F-9162-7DAAAC5D1712}"
EndProject
Project("{FAE04EC0-301F-11D3-BF4B-00C04F79EFBC}") = "Test.IBLL", "Test.IBLL\Test.IBLL.csproj", "{7B524BA6-3441-4F71-9DA3-851400544F6A}"
EndProject
Project("{FAE04EC0-301F-11D3-BF4B-00C04F79EFBC}") = "Test.BLL", "Test.BLL\Test.BLL.csproj", "{6C6EF2AF-7022-4506-855F-013709A8FF4F}"
EndProject
Project("{FAE04EC0-301F-11D3-BF4B-00C04F79EFBC}") = "Test.Model", "Test.Model\Test.Model.csproj", "{3285EBC4-E16F-4109-9F0B-43EDE2878517}"
EndProject
Project("{FAE04EC0-301F-11D3-BF4B-00C04F79EFBC}") = "Test.Common", "Test.Common\Test.Common.csproj", "{0ECC576A-F7EC-44C8-BE0B-605A3A9A895B}"
EndProject
Project("{FAE04EC0-301F-11D3-BF4B-00C04F79EFBC}") = "Test.Factory", "Test.Factory\Test.Factory.csproj", "{D2574677-2F31-4ED6-8303-FA87B6086E34}"
EndProject
Project("{FAE04EC0-301F-11D3-BF4B-00C04F79EFBC}") = "Test.Infrastructure", "Test.Infrastructure\Test.Infrastructure.csproj", "{61408BE1-2156-44FF-8565-405683A3324D}"
EndProject
Project("{FAE04EC0-301F-11D3-BF4B-00C04F79EFBC}") = "Test.Web", "Test.Web\Test.Web.csproj", "{2D4CBEF2-D95F-4BF7-BDC0-6FEC8628CB52}"
EndProject
Project("{FAE04EC0-301F-11D3-BF4B-00C04F79EFBC}") = "Test.API", "Test.API\Test.API.csproj", "{55A568EB-C450-42CF-B1B8-CAB8F7D8B796}"
EndProject
Global
	GlobalSection(SolutionConfigurationPlatforms) = preSolution
		Debug|Any CPU = Debug|Any CPU
		Release|Any CPU = Release|Any CPU
	EndGlobalSection
	GlobalSection(ProjectConfigurationPlatforms) = postSolution
		{A6E02C0F-F021-4AB1-86A7-9283B977C9E0}.Debug|Any CPU.ActiveCfg = Debug|Any CPU
		{A6E02C0F-F021-4AB1-86A7-9283B977C9E0}.Debug|Any CPU.Build.0 = Debug|Any CPU
		{A6E02C0F-F021-4AB1-86A7-9283B977C9E0}.Release|Any CPU.ActiveCfg = Release|Any CPU
		{A6E02C0F-F021-4AB1-86A7-9283B977C9E0}.Release|Any CPU.Build.0 = Release|Any CPU
		{E35A8819-9622-469F-9162-7DAAAC5D1712}.Debug|Any CPU.ActiveCfg = Debug|Any CPU
		{E35A8819-9622-469F-9162-7DAAAC5D1712}.Debug|Any CPU.Build.0 = Debug|Any CPU
		{E35A8819-9622-469F-9162-7DAAAC5D1712}.Release|Any CPU.ActiveCfg = Release|Any CPU
		{E35A8819-9622-469F-9162-7DAAAC5D1712}.Release|Any CPU.Build.0 = Release|Any CPU
		{7B524BA6-3441-4F71-9DA3-851400544F6A}.Debug|Any CPU.ActiveCfg = Debug|Any CPU
		{7B524BA6-3441-4F71-9DA3-851400544F6A}.Debug|Any CPU.Build.0 = Debug|Any CPU
		{7B524BA6-3441-4F71-9DA3-851400544F6A}.Release|Any CPU.ActiveCfg = Release|Any CPU
		{7B524BA6-3441-4F71-9DA3-851400544F6A}.Release|Any CPU.Build.0 = Release|Any CPU
		{6C6EF2AF-7022-4506-855F-013709A8FF4F}.Debug|Any CPU.ActiveCfg = Debug|Any CPU
		{6C6EF2AF-7022-4506-855F-013709A8FF4F}.Debug|Any CPU.Build.0 = Debug|Any CPU
		{6C6EF2AF-7022-4506-855F-013709A8FF4F}.Release|Any CPU.ActiveCfg = Release|Any CPU
		{6C6EF2AF-7022-4506-855F-013709A8FF4F}.Release|Any CPU.Build.0 = Release|Any CPU
		{3285EBC4-E16F-4109-9F0B-43EDE2878517}.Debug|Any CPU.ActiveCfg = Debug|Any CPU
		{3285EBC4-E16F-4109-9F0B-43EDE2878517}.Debug|Any CPU.Build.0 = Debug|Any CPU
		{3285EBC4-E16F-4109-9F0B-43EDE2878517}.Release|Any CPU.ActiveCfg = Release|Any CPU
		{3285EBC4-E16F-4109-9F0B-43EDE2878517}.Release|Any CPU.Build.0 = Release|Any CPU
		{0ECC576A-F7EC-44C8-BE0B-605A3A9A895B}.Debug|Any CPU.ActiveCfg = Debug|Any CPU
		{0ECC576A-F7EC-44C8-BE0B-605A3A9A895B}.Debug|Any CPU.Build.0 = Debug|Any CPU
		{0ECC576A-F7EC-44C8-BE0B-605A3A9A895B}.Release|Any CPU.ActiveCfg = Release|Any CPU
		{0ECC576A-F7EC-44C8-BE0B-605A3A9A895B}.Release|Any CPU.Build.0 = Release|Any CPU
		{D2574677-2F31-4ED6-8303-FA87B6086E34}.Debug|Any CPU.ActiveCfg = Debug|Any CPU
		{D2574677-2F31-4ED6-8303-FA87B6086E34}.Debug|Any CPU.Build.0 = Debug|Any CPU
		{D2574677-2F31-4ED6-8303-FA87B6086E34}.Release|Any CPU.ActiveCfg = Release|Any CPU
		{D2574677-2F31-4ED6-8303-FA87B6086E34}.Release|Any CPU.Build.0 = Release|Any CPU
		{61408BE1-2156-44FF-8565-405683A3324D}.Debug|Any CPU.ActiveCfg = Debug|Any CPU
		{61408BE1-2156-44FF-8565-405683A3324D}.Debug|Any CPU.Build.0 = Debug|Any CPU
		{61408BE1-2156-44FF-8565-405683A3324D}.Release|Any CPU.ActiveCfg = Release|Any CPU
		{61408BE1-2156-44FF-8565-405683A3324D}.Release|Any CPU.Build.0 = Release|Any CPU
		{2D4CBEF2-D95F-4BF7-BDC0-6FEC8628CB52}.Debug|Any CPU.ActiveCfg = Debug|Any CPU
		{2D4CBEF2-D95F-4BF7-BDC0-6FEC8628CB52}.Debug|Any CPU.Build.0 = Debug|Any CPU
		{2D4CBEF2-D95F-4BF7-BDC0-6FEC8628CB52}.Release|Any CPU.ActiveCfg = Release|Any CPU
		{2D4CBEF2-D95F-4BF7-BDC0-6FEC8628CB52}.Release|Any CPU.Build.0 = Release|Any CPU
		{55A568EB-C450-42CF-B1B8-CAB8F7D8B796}.Debug|Any CPU.ActiveCfg = Debug|Any CPU
		{55A568EB-C450-42CF-B1B8-CAB8F7D8B796}.Debug|Any CPU.Build.0 = Debug|Any CPU
		{55A568EB-C450-42CF-B1B8-CAB8F7D8B796}.Release|Any CPU.ActiveCfg = Release|Any CPU
		{55A568EB-C450-42CF-B1B8-CAB8F7D8B796}.Release|Any CPU.Build.0 = Release|Any CPU
	EndGlobalSection
	GlobalSection(SolutionProperties) = preSolution
		HideSolutionNode = FALSE
	EndGlobalSection
EndGlobal
